
Microsoft Visual Studio Solution File, Format Version 12.00
# Visual Studio Version 17
VisualStudioVersion = 17.6.33815.320
MinimumVisualStudioVersion = 10.0.40219.1
Project("{FAE04EC0-301F-11D3-BF4B-00C04F79EFBC}") = "Calculator", "Calculator\Calculator.csproj", "{DFDA71C1-07C8-4EF2-AC6E-0561039C1DA9}"
EndProject
Global
	GlobalSection(SolutionConfigurationPlatforms) = preSolution
		Debug|Any CPU = Debug|Any CPU
		Release|Any CPU = Release|Any CPU
	EndGlobalSection
	GlobalSection(ProjectConfigurationPlatforms) = postSolution
		{DFDA71C1-07C8-4EF2-AC6E-0561039C1DA9}.Debug|Any CPU.ActiveCfg = Debug|Any CPU
		{DFDA71C1-07C8-4EF2-AC6E-0561039C1DA9}.Debug|Any CPU.Build.0 = Debug|Any CPU
		{DFDA71C1-07C8-4EF2-AC6E-0561039C1DA9}.Release|Any CPU.ActiveCfg = Release|Any CPU
		{DFDA71C1-07C8-4EF2-AC6E-0561039C1DA9}.Release|Any CPU.Build.0 = Release|Any CPU
	EndGlobalSection
	GlobalSection(SolutionProperties) = preSolution
		HideSolutionNode = FALSE
	EndGlobalSection
	GlobalSection(ExtensibilityGlobals) = postSolution
		SolutionGuid = {A38532D1-5DCC-4758-88FB-217D562A4011}
	EndGlobalSection
EndGlobal
